
Microsoft Visual Studio Solution File, Format Version 12.00
# Visual Studio 14
VisualStudioVersion = 14.0.25420.1
MinimumVisualStudioVersion = 10.0.40219.1
Project("{FAE04EC0-301F-11D3-BF4B-00C04F79EFBC}") = "SourceLinkTest", "SourceLinkTest\SourceLinkTest.csproj", "{F77A2C68-D45C-4947-982A-5626C2909C5F}"
EndProject
Project("{FAE04EC0-301F-11D3-BF4B-00C04F79EFBC}") = "BadSourceLink", "BadSourceLink\BadSourceLink.csproj", "{2E66D426-9267-43E3-B370-4FFDF5FFF728}"
EndProject
Project("{FAE04EC0-301F-11D3-BF4B-00C04F79EFBC}") = "BadSourceLinkEntries", "BadSourceLinkEntries\BadSourceLinkEntries.csproj", "{8425D40F-9A90-4B7A-BA93-5BC76427BCB2}"
EndProject
Project("{FAE04EC0-301F-11D3-BF4B-00C04F79EFBC}") = "AbsoluteMappings", "AbsoluteMappings\AbsoluteMappings.csproj", "{583E584D-3CF9-4044-9F96-E651A2FDFD43}"
EndProject
Project("{FAE04EC0-301F-11D3-BF4B-00C04F79EFBC}") = "EmbeddedPdb", "EmbeddedPdb\EmbeddedPdb.csproj", "{57232251-88A7-4B00-A279-B7F55083CEB4}"
EndProject
Project("{FAE04EC0-301F-11D3-BF4B-00C04F79EFBC}") = "VSOSourceLink", "VSOSourceLink\VSOSourceLink.csproj", "{6E0E8A40-E836-459E-BC78-2AD9231F0BFC}"
EndProject
Global
	GlobalSection(SolutionConfigurationPlatforms) = preSolution
		Debug|Any CPU = Debug|Any CPU
		Release|Any CPU = Release|Any CPU
	EndGlobalSection
	GlobalSection(ProjectConfigurationPlatforms) = postSolution
		{F77A2C68-D45C-4947-982A-5626C2909C5F}.Debug|Any CPU.ActiveCfg = Debug|Any CPU
		{F77A2C68-D45C-4947-982A-5626C2909C5F}.Debug|Any CPU.Build.0 = Debug|Any CPU
		{F77A2C68-D45C-4947-982A-5626C2909C5F}.Release|Any CPU.ActiveCfg = Release|Any CPU
		{F77A2C68-D45C-4947-982A-5626C2909C5F}.Release|Any CPU.Build.0 = Release|Any CPU
		{2E66D426-9267-43E3-B370-4FFDF5FFF728}.Debug|Any CPU.ActiveCfg = Debug|Any CPU
		{2E66D426-9267-43E3-B370-4FFDF5FFF728}.Debug|Any CPU.Build.0 = Debug|Any CPU
		{2E66D426-9267-43E3-B370-4FFDF5FFF728}.Release|Any CPU.ActiveCfg = Release|Any CPU
		{2E66D426-9267-43E3-B370-4FFDF5FFF728}.Release|Any CPU.Build.0 = Release|Any CPU
		{8425D40F-9A90-4B7A-BA93-5BC76427BCB2}.Debug|Any CPU.ActiveCfg = Debug|Any CPU
		{8425D40F-9A90-4B7A-BA93-5BC76427BCB2}.Debug|Any CPU.Build.0 = Debug|Any CPU
		{8425D40F-9A90-4B7A-BA93-5BC76427BCB2}.Release|Any CPU.ActiveCfg = Release|Any CPU
		{8425D40F-9A90-4B7A-BA93-5BC76427BCB2}.Release|Any CPU.Build.0 = Release|Any CPU
		{583E584D-3CF9-4044-9F96-E651A2FDFD43}.Debug|Any CPU.ActiveCfg = Debug|Any CPU
		{583E584D-3CF9-4044-9F96-E651A2FDFD43}.Debug|Any CPU.Build.0 = Debug|Any CPU
		{583E584D-3CF9-4044-9F96-E651A2FDFD43}.Release|Any CPU.ActiveCfg = Release|Any CPU
		{583E584D-3CF9-4044-9F96-E651A2FDFD43}.Release|Any CPU.Build.0 = Release|Any CPU
		{57232251-88A7-4B00-A279-B7F55083CEB4}.Debug|Any CPU.ActiveCfg = Debug|Any CPU
		{57232251-88A7-4B00-A279-B7F55083CEB4}.Debug|Any CPU.Build.0 = Debug|Any CPU
		{57232251-88A7-4B00-A279-B7F55083CEB4}.Release|Any CPU.ActiveCfg = Release|Any CPU
		{57232251-88A7-4B00-A279-B7F55083CEB4}.Release|Any CPU.Build.0 = Release|Any CPU
		{6E0E8A40-E836-459E-BC78-2AD9231F0BFC}.Debug|Any CPU.ActiveCfg = Debug|Any CPU
		{6E0E8A40-E836-459E-BC78-2AD9231F0BFC}.Debug|Any CPU.Build.0 = Debug|Any CPU
		{6E0E8A40-E836-459E-BC78-2AD9231F0BFC}.Release|Any CPU.ActiveCfg = Release|Any CPU
		{6E0E8A40-E836-459E-BC78-2AD9231F0BFC}.Release|Any CPU.Build.0 = Release|Any CPU
	EndGlobalSection
	GlobalSection(SolutionProperties) = preSolution
		HideSolutionNode = FALSE
	EndGlobalSection
EndGlobal
