
Microsoft Visual Studio Solution File, Format Version 12.00
# Visual Studio 14
VisualStudioVersion = 14.0.25420.1
MinimumVisualStudioVersion = 10.0.40219.1
Project("{FAE04EC0-301F-11D3-BF4B-00C04F79EFBC}") = "SourceLinkTest", "SourceLinkTest\SourceLinkTest.csproj", "{F77A2C68-D45C-4947-982A-5626C2909C5F}"
EndProject
Project("{FAE04EC0-301F-11D3-BF4B-00C04F79EFBC}") = "BadSourceLink", "BadSourceLink\BadSourceLink.csproj", "{2E66D426-9267-43E3-B370-4FFDF5FFF728}"
EndProject
Project("{FAE04EC0-301F-11D3-BF4B-00C04F79EFBC}") = "BadSourceLinkEntries", "BadSourceLinkEntries\BadSourceLinkEntries.csproj", "{8425D40F-9A90-4B7A-BA93-5BC76427BCB2}"
EndProject
Project("{FAE04EC0-301F-11D3-BF4B-00C04F79EFBC}") = "AbsoluteMappings", "AbsoluteMappings\AbsoluteMappings.csproj", "{583E584D-3CF9-4044-9F96-E651A2FDFD43}"
EndProject
Project("{FAE04EC0-301F-11D3-BF4B-00C04F79EFBC}") = "EmbeddedPdb", "EmbeddedPdb\EmbeddedPdb.csproj", "{57232251-88A7-4B00-A279-B7F55083CEB4}"
EndProject
Project("{FAE04EC0-301F-11D3-BF4B-00C04F79EFBC}") = "VSOSourceLink", "VSOSourceLink\VSOSourceLink.csproj", "{6E0E8A40-E836-459E-BC78-2AD9231F0BFC}"
EndProject
Project("{FAE04EC0-301F-11D3-BF4B-00C04F79EFBC}") = "PortableNoSourceLink", "PortableNoSourceLink\PortableNoSourceLink.csproj", "{1D8DDC98-1EC6-442F-AAB7-3903F5C3A4E3}"
EndProject
Project("{FAE04EC0-301F-11D3-BF4B-00C04F79EFBC}") = "Timeout", "Timeout\Timeout.csproj", "{F65CD6C3-3174-4DBD-8C14-6DD2E7FED47B}"
EndProject
Project("{FAE04EC0-301F-11D3-BF4B-00C04F79EFBC}") = "HttpSourceLink", "HttpSourceLink\HttpSourceLink.csproj", "{5B34CF39-D289-415B-9D7C-8C0CDB620347}"
EndProject
Global
	GlobalSection(SolutionConfigurationPlatforms) = preSolution
		Debug|Any CPU = Debug|Any CPU
		Debug|x64 = Debug|x64
		Release|Any CPU = Release|Any CPU
		Release|x64 = Release|x64
	EndGlobalSection
	GlobalSection(ProjectConfigurationPlatforms) = postSolution
		{F77A2C68-D45C-4947-982A-5626C2909C5F}.Debug|Any CPU.ActiveCfg = Debug|Any CPU
		{F77A2C68-D45C-4947-982A-5626C2909C5F}.Debug|Any CPU.Build.0 = Debug|Any CPU
		{F77A2C68-D45C-4947-982A-5626C2909C5F}.Debug|x64.ActiveCfg = Debug|x64
		{F77A2C68-D45C-4947-982A-5626C2909C5F}.Debug|x64.Build.0 = Debug|x64
		{F77A2C68-D45C-4947-982A-5626C2909C5F}.Release|Any CPU.ActiveCfg = Release|Any CPU
		{F77A2C68-D45C-4947-982A-5626C2909C5F}.Release|Any CPU.Build.0 = Release|Any CPU
		{F77A2C68-D45C-4947-982A-5626C2909C5F}.Release|x64.ActiveCfg = Release|x64
		{F77A2C68-D45C-4947-982A-5626C2909C5F}.Release|x64.Build.0 = Release|x64
		{2E66D426-9267-43E3-B370-4FFDF5FFF728}.Debug|Any CPU.ActiveCfg = Debug|Any CPU
		{2E66D426-9267-43E3-B370-4FFDF5FFF728}.Debug|Any CPU.Build.0 = Debug|Any CPU
		{2E66D426-9267-43E3-B370-4FFDF5FFF728}.Debug|x64.ActiveCfg = Debug|x64
		{2E66D426-9267-43E3-B370-4FFDF5FFF728}.Debug|x64.Build.0 = Debug|x64
		{2E66D426-9267-43E3-B370-4FFDF5FFF728}.Release|Any CPU.ActiveCfg = Release|Any CPU
		{2E66D426-9267-43E3-B370-4FFDF5FFF728}.Release|Any CPU.Build.0 = Release|Any CPU
		{2E66D426-9267-43E3-B370-4FFDF5FFF728}.Release|x64.ActiveCfg = Release|x64
		{2E66D426-9267-43E3-B370-4FFDF5FFF728}.Release|x64.Build.0 = Release|x64
		{8425D40F-9A90-4B7A-BA93-5BC76427BCB2}.Debug|Any CPU.ActiveCfg = Debug|Any CPU
		{8425D40F-9A90-4B7A-BA93-5BC76427BCB2}.Debug|Any CPU.Build.0 = Debug|Any CPU
		{8425D40F-9A90-4B7A-BA93-5BC76427BCB2}.Debug|x64.ActiveCfg = Debug|x64
		{8425D40F-9A90-4B7A-BA93-5BC76427BCB2}.Debug|x64.Build.0 = Debug|x64
		{8425D40F-9A90-4B7A-BA93-5BC76427BCB2}.Release|Any CPU.ActiveCfg = Release|Any CPU
		{8425D40F-9A90-4B7A-BA93-5BC76427BCB2}.Release|Any CPU.Build.0 = Release|Any CPU
		{8425D40F-9A90-4B7A-BA93-5BC76427BCB2}.Release|x64.ActiveCfg = Release|x64
		{8425D40F-9A90-4B7A-BA93-5BC76427BCB2}.Release|x64.Build.0 = Release|x64
		{583E584D-3CF9-4044-9F96-E651A2FDFD43}.Debug|Any CPU.ActiveCfg = Debug|Any CPU
		{583E584D-3CF9-4044-9F96-E651A2FDFD43}.Debug|Any CPU.Build.0 = Debug|Any CPU
		{583E584D-3CF9-4044-9F96-E651A2FDFD43}.Debug|x64.ActiveCfg = Debug|x64
		{583E584D-3CF9-4044-9F96-E651A2FDFD43}.Debug|x64.Build.0 = Debug|x64
		{583E584D-3CF9-4044-9F96-E651A2FDFD43}.Release|Any CPU.ActiveCfg = Release|Any CPU
		{583E584D-3CF9-4044-9F96-E651A2FDFD43}.Release|Any CPU.Build.0 = Release|Any CPU
		{583E584D-3CF9-4044-9F96-E651A2FDFD43}.Release|x64.ActiveCfg = Release|x64
		{583E584D-3CF9-4044-9F96-E651A2FDFD43}.Release|x64.Build.0 = Release|x64
		{57232251-88A7-4B00-A279-B7F55083CEB4}.Debug|Any CPU.ActiveCfg = Debug|Any CPU
		{57232251-88A7-4B00-A279-B7F55083CEB4}.Debug|Any CPU.Build.0 = Debug|Any CPU
		{57232251-88A7-4B00-A279-B7F55083CEB4}.Debug|x64.ActiveCfg = Debug|x64
		{57232251-88A7-4B00-A279-B7F55083CEB4}.Debug|x64.Build.0 = Debug|x64
		{57232251-88A7-4B00-A279-B7F55083CEB4}.Release|Any CPU.ActiveCfg = Release|Any CPU
		{57232251-88A7-4B00-A279-B7F55083CEB4}.Release|Any CPU.Build.0 = Release|Any CPU
		{57232251-88A7-4B00-A279-B7F55083CEB4}.Release|x64.ActiveCfg = Release|x64
		{57232251-88A7-4B00-A279-B7F55083CEB4}.Release|x64.Build.0 = Release|x64
		{6E0E8A40-E836-459E-BC78-2AD9231F0BFC}.Debug|Any CPU.ActiveCfg = Debug|Any CPU
		{6E0E8A40-E836-459E-BC78-2AD9231F0BFC}.Debug|Any CPU.Build.0 = Debug|Any CPU
		{6E0E8A40-E836-459E-BC78-2AD9231F0BFC}.Debug|x64.ActiveCfg = Debug|x64
		{6E0E8A40-E836-459E-BC78-2AD9231F0BFC}.Debug|x64.Build.0 = Debug|x64
		{6E0E8A40-E836-459E-BC78-2AD9231F0BFC}.Release|Any CPU.ActiveCfg = Release|Any CPU
		{6E0E8A40-E836-459E-BC78-2AD9231F0BFC}.Release|Any CPU.Build.0 = Release|Any CPU
		{6E0E8A40-E836-459E-BC78-2AD9231F0BFC}.Release|x64.ActiveCfg = Release|x64
		{6E0E8A40-E836-459E-BC78-2AD9231F0BFC}.Release|x64.Build.0 = Release|x64
		{1D8DDC98-1EC6-442F-AAB7-3903F5C3A4E3}.Debug|Any CPU.ActiveCfg = Debug|Any CPU
		{1D8DDC98-1EC6-442F-AAB7-3903F5C3A4E3}.Debug|Any CPU.Build.0 = Debug|Any CPU
		{1D8DDC98-1EC6-442F-AAB7-3903F5C3A4E3}.Debug|x64.ActiveCfg = Debug|x64
		{1D8DDC98-1EC6-442F-AAB7-3903F5C3A4E3}.Debug|x64.Build.0 = Debug|x64
		{1D8DDC98-1EC6-442F-AAB7-3903F5C3A4E3}.Release|Any CPU.ActiveCfg = Release|Any CPU
		{1D8DDC98-1EC6-442F-AAB7-3903F5C3A4E3}.Release|Any CPU.Build.0 = Release|Any CPU
		{1D8DDC98-1EC6-442F-AAB7-3903F5C3A4E3}.Release|x64.ActiveCfg = Release|Any CPU
		{1D8DDC98-1EC6-442F-AAB7-3903F5C3A4E3}.Release|x64.Build.0 = Release|Any CPU
		{F65CD6C3-3174-4DBD-8C14-6DD2E7FED47B}.Debug|Any CPU.ActiveCfg = Debug|Any CPU
		{F65CD6C3-3174-4DBD-8C14-6DD2E7FED47B}.Debug|Any CPU.Build.0 = Debug|Any CPU
		{F65CD6C3-3174-4DBD-8C14-6DD2E7FED47B}.Debug|x64.ActiveCfg = Debug|Any CPU
		{F65CD6C3-3174-4DBD-8C14-6DD2E7FED47B}.Debug|x64.Build.0 = Debug|Any CPU
		{F65CD6C3-3174-4DBD-8C14-6DD2E7FED47B}.Release|Any CPU.ActiveCfg = Release|Any CPU
		{F65CD6C3-3174-4DBD-8C14-6DD2E7FED47B}.Release|Any CPU.Build.0 = Release|Any CPU
		{F65CD6C3-3174-4DBD-8C14-6DD2E7FED47B}.Release|x64.ActiveCfg = Release|Any CPU
		{F65CD6C3-3174-4DBD-8C14-6DD2E7FED47B}.Release|x64.Build.0 = Release|Any CPU
		{5B34CF39-D289-415B-9D7C-8C0CDB620347}.Debug|Any CPU.ActiveCfg = Debug|Any CPU
		{5B34CF39-D289-415B-9D7C-8C0CDB620347}.Debug|Any CPU.Build.0 = Debug|Any CPU
		{5B34CF39-D289-415B-9D7C-8C0CDB620347}.Debug|x64.ActiveCfg = Debug|Any CPU
		{5B34CF39-D289-415B-9D7C-8C0CDB620347}.Debug|x64.Build.0 = Debug|Any CPU
		{5B34CF39-D289-415B-9D7C-8C0CDB620347}.Release|Any CPU.ActiveCfg = Release|Any CPU
		{5B34CF39-D289-415B-9D7C-8C0CDB620347}.Release|Any CPU.Build.0 = Release|Any CPU
		{5B34CF39-D289-415B-9D7C-8C0CDB620347}.Release|x64.ActiveCfg = Release|Any CPU
		{5B34CF39-D289-415B-9D7C-8C0CDB620347}.Release|x64.Build.0 = Release|Any CPU
	EndGlobalSection
	GlobalSection(SolutionProperties) = preSolution
		HideSolutionNode = FALSE
	EndGlobalSection
EndGlobal
